
Microsoft Visual Studio Solution File, Format Version 12.00
# Visual Studio 15
VisualStudioVersion = 15.0.28307.438
MinimumVisualStudioVersion = 10.0.40219.1
Project("{8BC9CEB8-8B4A-11D0-8D11-00A0C91BC942}") = "animation", "animation\animation.vcxproj", "{D403CEB4-2AB6-45E2-8CD6-782438A0E8E2}"
EndProject
Global
	GlobalSection(SolutionConfigurationPlatforms) = preSolution
		Debug|x64 = Debug|x64
		Debug|x86 = Debug|x86
		Release|x64 = Release|x64
		Release|x86 = Release|x86
	EndGlobalSection
	GlobalSection(ProjectConfigurationPlatforms) = postSolution
		{D403CEB4-2AB6-45E2-8CD6-782438A0E8E2}.Debug|x64.ActiveCfg = Debug|x64
		{D403CEB4-2AB6-45E2-8CD6-782438A0E8E2}.Debug|x64.Build.0 = Debug|x64
		{D403CEB4-2AB6-45E2-8CD6-782438A0E8E2}.Debug|x86.ActiveCfg = Debug|Win32
		{D403CEB4-2AB6-45E2-8CD6-782438A0E8E2}.Debug|x86.Build.0 = Debug|Win32
		{D403CEB4-2AB6-45E2-8CD6-782438A0E8E2}.Release|x64.ActiveCfg = Release|x64
		{D403CEB4-2AB6-45E2-8CD6-782438A0E8E2}.Release|x64.Build.0 = Release|x64
		{D403CEB4-2AB6-45E2-8CD6-782438A0E8E2}.Release|x86.ActiveCfg = Release|Win32
		{D403CEB4-2AB6-45E2-8CD6-782438A0E8E2}.Release|x86.Build.0 = Release|Win32
	EndGlobalSection
	GlobalSection(SolutionProperties) = preSolution
		HideSolutionNode = FALSE
	EndGlobalSection
	GlobalSection(ExtensibilityGlobals) = postSolution
		SolutionGuid = {83B011E4-8326-4F4E-A57E-9E7235AC0B61}
	EndGlobalSection
EndGlobal
