
Microsoft Visual Studio Solution File, Format Version 12.00
# Visual Studio 15
VisualStudioVersion = 15.0.28307.438
MinimumVisualStudioVersion = 10.0.40219.1
Project("{8BC9CEB8-8B4A-11D0-8D11-00A0C91BC942}") = "Frame1", "Frame1\Frame1.vcxproj", "{A64BE717-FEFD-4236-8FBC-89169E1300A7}"
EndProject
Global
	GlobalSection(SolutionConfigurationPlatforms) = preSolution
		Debug|x64 = Debug|x64
		Debug|x86 = Debug|x86
		Release|x64 = Release|x64
		Release|x86 = Release|x86
	EndGlobalSection
	GlobalSection(ProjectConfigurationPlatforms) = postSolution
		{A64BE717-FEFD-4236-8FBC-89169E1300A7}.Debug|x64.ActiveCfg = Debug|x64
		{A64BE717-FEFD-4236-8FBC-89169E1300A7}.Debug|x64.Build.0 = Debug|x64
		{A64BE717-FEFD-4236-8FBC-89169E1300A7}.Debug|x86.ActiveCfg = Debug|Win32
		{A64BE717-FEFD-4236-8FBC-89169E1300A7}.Debug|x86.Build.0 = Debug|Win32
		{A64BE717-FEFD-4236-8FBC-89169E1300A7}.Release|x64.ActiveCfg = Release|x64
		{A64BE717-FEFD-4236-8FBC-89169E1300A7}.Release|x64.Build.0 = Release|x64
		{A64BE717-FEFD-4236-8FBC-89169E1300A7}.Release|x86.ActiveCfg = Release|Win32
		{A64BE717-FEFD-4236-8FBC-89169E1300A7}.Release|x86.Build.0 = Release|Win32
	EndGlobalSection
	GlobalSection(SolutionProperties) = preSolution
		HideSolutionNode = FALSE
	EndGlobalSection
	GlobalSection(ExtensibilityGlobals) = postSolution
		SolutionGuid = {2DF72748-A682-46FE-A637-1C152D50C507}
	EndGlobalSection
EndGlobal
